schema: '2.0'
stages:
  data_collection:
    cmd: python src/data/data_collection.py
    deps:
    - path: src/data/data_collection.py
      hash: md5
      md5: 3106b2fefa6757fdc55cb817d0a20a77
      size: 561
    params:
      params.yaml:
        data_collection.test_size: 0.2
    outs:
    - path: data/raw
      hash: md5
      md5: c0c2d65c14a603e91e029fda3c344a5c.dir
      size: 522262
      nfiles: 2
  data_preprocessing:
    cmd: python .\src\data\data_preprocessing.py
    deps:
    - path: .\src\data\data_preprocessing.py
      hash: md5
      md5: 7490d0cb30c81ed7870d7f58dedb5e77
      size: 805
    - path: data/raw
      hash: md5
      md5: c0c2d65c14a603e91e029fda3c344a5c.dir
      size: 522262
      nfiles: 2
    outs:
    - path: data/processed
      hash: md5
      md5: 0beb4adc62d83817b414bed6f535f487.dir
      size: 546895
      nfiles: 2
  model_building:
    cmd: python .\src\model\model_building.py
    deps:
    - path: .\src\model\model_building.py
      hash: md5
      md5: c0e5a4cf44701962299435210f8fe40d
      size: 651
    - path: data/processed
      hash: md5
      md5: 0beb4adc62d83817b414bed6f535f487.dir
      size: 546895
      nfiles: 2
    params:
      params.yaml:
        model_building.n_estimators: 100
    outs:
    - path: model.pkl
      hash: md5
      md5: 0bfde66028bcd6fed0f836dcb31d1af3
      size: 7370540
  model_evaluation:
    cmd: python .\src\model\model_evaluation.py
    deps:
    - path: .\model.pkl
      hash: md5
      md5: 0bfde66028bcd6fed0f836dcb31d1af3
      size: 7370540
    - path: .\src\model\model_evaluation.py
      hash: md5
      md5: 87cf55e0dd552c7a5f2ecf3e43b24045
      size: 785
    outs:
    - path: metrics.json
      hash: md5
      md5: 7b67dea523aeaaf7169450f303ef3cac
      size: 169
